
Microsoft Visual Studio Solution File, Format Version 10.00
# Visual Studio 2008
Project("{8BC9CEB8-8B4A-11D0-8D11-00A0C91BC942}") = "Cppguru", "Cppruru.vcproj", "{D1D6139C-F586-4A7E-92C1-59C2A9A09835}"
EndProject
Project("{8BC9CEB8-8B4A-11D0-8D11-00A0C91BC942}") = "UnitTest", "UnitTest\UnitTest.vcproj", "{E44D6BA3-9503-4E23-9D31-782ECBCC4319}"
EndProject
Global
	GlobalSection(SolutionConfigurationPlatforms) = preSolution
		Debug|Win32 = Debug|Win32
		Release|Win32 = Release|Win32
	EndGlobalSection
	GlobalSection(ProjectConfigurationPlatforms) = postSolution
		{D1D6139C-F586-4A7E-92C1-59C2A9A09835}.Debug|Win32.ActiveCfg = Debug|Win32
		{D1D6139C-F586-4A7E-92C1-59C2A9A09835}.Debug|Win32.Build.0 = Debug|Win32
		{D1D6139C-F586-4A7E-92C1-59C2A9A09835}.Release|Win32.ActiveCfg = Release|Win32
		{D1D6139C-F586-4A7E-92C1-59C2A9A09835}.Release|Win32.Build.0 = Release|Win32
		{E44D6BA3-9503-4E23-9D31-782ECBCC4319}.Debug|Win32.ActiveCfg = Debug|Win32
		{E44D6BA3-9503-4E23-9D31-782ECBCC4319}.Debug|Win32.Build.0 = Debug|Win32
		{E44D6BA3-9503-4E23-9D31-782ECBCC4319}.Release|Win32.ActiveCfg = Release|Win32
		{E44D6BA3-9503-4E23-9D31-782ECBCC4319}.Release|Win32.Build.0 = Release|Win32
	EndGlobalSection
	GlobalSection(SolutionProperties) = preSolution
		HideSolutionNode = FALSE
	EndGlobalSection
EndGlobal
