
Microsoft Visual Studio Solution File, Format Version 10.00
# Visual Studio 2008
Project("{8BC9CEB8-8B4A-11D0-8D11-00A0C91BC942}") = "Cppguru", "Cppruru.vcproj", "{D1D6139C-F586-4A7E-92C1-59C2A9A09835}"
EndProject
Project("{8BC9CEB8-8B4A-11D0-8D11-00A0C91BC942}") = "UnitTest", "UnitTest\UnitTest.vcproj", "{E44D6BA3-9503-4E23-9D31-782ECBCC4319}"
EndProject
Project("{8BC9CEB8-8B4A-11D0-8D11-00A0C91BC942}") = "NetworkCore", "Network\NetworkCore.vcproj", "{5ED39BD7-EDE2-46B2-9BF0-785F7D67E38D}"
EndProject
Project("{8BC9CEB8-8B4A-11D0-8D11-00A0C91BC942}") = "TestServer", "TestProject\TestServer\TestServer.vcproj", "{0B42681E-64A9-46AC-B95F-2CA556F324D6}"
EndProject
Project("{8BC9CEB8-8B4A-11D0-8D11-00A0C91BC942}") = "TestClient", "TestProject\TestClient\TestClient.vcproj", "{C7E27A9A-5A79-47A7-BBD8-2B369BCD4082}"
EndProject
Global
	GlobalSection(SolutionConfigurationPlatforms) = preSolution
		Debug|Win32 = Debug|Win32
		Release|Win32 = Release|Win32
	EndGlobalSection
	GlobalSection(ProjectConfigurationPlatforms) = postSolution
		{D1D6139C-F586-4A7E-92C1-59C2A9A09835}.Debug|Win32.ActiveCfg = Debug|Win32
		{D1D6139C-F586-4A7E-92C1-59C2A9A09835}.Debug|Win32.Build.0 = Debug|Win32
		{D1D6139C-F586-4A7E-92C1-59C2A9A09835}.Release|Win32.ActiveCfg = Release|Win32
		{D1D6139C-F586-4A7E-92C1-59C2A9A09835}.Release|Win32.Build.0 = Release|Win32
		{E44D6BA3-9503-4E23-9D31-782ECBCC4319}.Debug|Win32.ActiveCfg = Debug|Win32
		{E44D6BA3-9503-4E23-9D31-782ECBCC4319}.Debug|Win32.Build.0 = Debug|Win32
		{E44D6BA3-9503-4E23-9D31-782ECBCC4319}.Release|Win32.ActiveCfg = Release|Win32
		{E44D6BA3-9503-4E23-9D31-782ECBCC4319}.Release|Win32.Build.0 = Release|Win32
		{5ED39BD7-EDE2-46B2-9BF0-785F7D67E38D}.Debug|Win32.ActiveCfg = Debug|Win32
		{5ED39BD7-EDE2-46B2-9BF0-785F7D67E38D}.Debug|Win32.Build.0 = Debug|Win32
		{5ED39BD7-EDE2-46B2-9BF0-785F7D67E38D}.Release|Win32.ActiveCfg = Release|Win32
		{5ED39BD7-EDE2-46B2-9BF0-785F7D67E38D}.Release|Win32.Build.0 = Release|Win32
		{0B42681E-64A9-46AC-B95F-2CA556F324D6}.Debug|Win32.ActiveCfg = Debug|Win32
		{0B42681E-64A9-46AC-B95F-2CA556F324D6}.Debug|Win32.Build.0 = Debug|Win32
		{0B42681E-64A9-46AC-B95F-2CA556F324D6}.Release|Win32.ActiveCfg = Release|Win32
		{0B42681E-64A9-46AC-B95F-2CA556F324D6}.Release|Win32.Build.0 = Release|Win32
		{C7E27A9A-5A79-47A7-BBD8-2B369BCD4082}.Debug|Win32.ActiveCfg = Debug|Win32
		{C7E27A9A-5A79-47A7-BBD8-2B369BCD4082}.Debug|Win32.Build.0 = Debug|Win32
		{C7E27A9A-5A79-47A7-BBD8-2B369BCD4082}.Release|Win32.ActiveCfg = Release|Win32
		{C7E27A9A-5A79-47A7-BBD8-2B369BCD4082}.Release|Win32.Build.0 = Release|Win32
	EndGlobalSection
	GlobalSection(SolutionProperties) = preSolution
		HideSolutionNode = FALSE
	EndGlobalSection
EndGlobal
